
Microsoft Visual Studio Solution File, Format Version 12.00
# Visual Studio Version 17
VisualStudioVersion = 17.14.36511.14 d17.14
MinimumVisualStudioVersion = 10.0.40219.1
Project("{FAE04EC0-301F-11D3-BF4B-00C04F79EFBC}") = "LINQ_1_Storchevaya_Melekhova", "LINQ_1_Storchevaya_Melekhova.csproj", "{D5263FBF-9643-456D-9B65-888BB1A5311E}"
EndProject
Global
	GlobalSection(SolutionConfigurationPlatforms) = preSolution
		Debug|Any CPU = Debug|Any CPU
		Release|Any CPU = Release|Any CPU
	EndGlobalSection
	GlobalSection(ProjectConfigurationPlatforms) = postSolution
		{D5263FBF-9643-456D-9B65-888BB1A5311E}.Debug|Any CPU.ActiveCfg = Debug|Any CPU
		{D5263FBF-9643-456D-9B65-888BB1A5311E}.Debug|Any CPU.Build.0 = Debug|Any CPU
		{D5263FBF-9643-456D-9B65-888BB1A5311E}.Release|Any CPU.ActiveCfg = Release|Any CPU
		{D5263FBF-9643-456D-9B65-888BB1A5311E}.Release|Any CPU.Build.0 = Release|Any CPU
	EndGlobalSection
	GlobalSection(SolutionProperties) = preSolution
		HideSolutionNode = FALSE
	EndGlobalSection
	GlobalSection(ExtensibilityGlobals) = postSolution
		SolutionGuid = {2FC358C9-03E1-4562-A226-37B25FE1FF6A}
	EndGlobalSection
EndGlobal
