
Microsoft Visual Studio Solution File, Format Version 12.00
# Visual Studio Version 17
VisualStudioVersion = 17.14.36511.14 d17.14
MinimumVisualStudioVersion = 10.0.40219.1
Project("{FAE04EC0-301F-11D3-BF4B-00C04F79EFBC}") = "LINQ_2_Storchevaya", "LINQ_2_Storchevaya.csproj", "{A10D573A-5EB9-41F1-AF21-67CB9172D448}"
EndProject
Global
	GlobalSection(SolutionConfigurationPlatforms) = preSolution
		Debug|Any CPU = Debug|Any CPU
		Release|Any CPU = Release|Any CPU
	EndGlobalSection
	GlobalSection(ProjectConfigurationPlatforms) = postSolution
		{A10D573A-5EB9-41F1-AF21-67CB9172D448}.Debug|Any CPU.ActiveCfg = Debug|Any CPU
		{A10D573A-5EB9-41F1-AF21-67CB9172D448}.Debug|Any CPU.Build.0 = Debug|Any CPU
		{A10D573A-5EB9-41F1-AF21-67CB9172D448}.Release|Any CPU.ActiveCfg = Release|Any CPU
		{A10D573A-5EB9-41F1-AF21-67CB9172D448}.Release|Any CPU.Build.0 = Release|Any CPU
	EndGlobalSection
	GlobalSection(SolutionProperties) = preSolution
		HideSolutionNode = FALSE
	EndGlobalSection
	GlobalSection(ExtensibilityGlobals) = postSolution
		SolutionGuid = {DAA8DE73-A6E4-43DA-B5CB-F29167C422BB}
	EndGlobalSection
EndGlobal
